<Solution>
  <Project Path="AppointmentService.Tests/AppointmentService.Tests.csproj" />
  <Project Path="AppointmentService/AppointmentService.csproj" />
  <Project Path="Frontend/Frontend.csproj" />
  <Project Path="NotificationService/NotificationService.csproj" />
  <Project Path="Shared/Shared.csproj" />
  <Project Path="UserService.Tests/UserService.Tests.csproj" />
  <Project Path="UserService/UserService.csproj" />
</Solution>
